
Microsoft Visual Studio Solution File, Format Version 12.00
# Visual Studio Version 17
VisualStudioVersion = 17.9.34728.123
MinimumVisualStudioVersion = 10.0.40219.1
Project("{FAE04EC0-301F-11D3-BF4B-00C04F79EFBC}") = "Gem Hunters", "Gem Hunters\Gem Hunters.csproj", "{7F235850-9524-4CA3-99EE-6F6B6844C4A0}"
EndProject
Global
	GlobalSection(SolutionConfigurationPlatforms) = preSolution
		Debug|Any CPU = Debug|Any CPU
		Release|Any CPU = Release|Any CPU
	EndGlobalSection
	GlobalSection(ProjectConfigurationPlatforms) = postSolution
		{7F235850-9524-4CA3-99EE-6F6B6844C4A0}.Debug|Any CPU.ActiveCfg = Debug|Any CPU
		{7F235850-9524-4CA3-99EE-6F6B6844C4A0}.Debug|Any CPU.Build.0 = Debug|Any CPU
		{7F235850-9524-4CA3-99EE-6F6B6844C4A0}.Release|Any CPU.ActiveCfg = Release|Any CPU
		{7F235850-9524-4CA3-99EE-6F6B6844C4A0}.Release|Any CPU.Build.0 = Release|Any CPU
	EndGlobalSection
	GlobalSection(SolutionProperties) = preSolution
		HideSolutionNode = FALSE
	EndGlobalSection
	GlobalSection(ExtensibilityGlobals) = postSolution
		SolutionGuid = {92FB44F3-3FC7-4B21-8885-5693C9A0D89C}
	EndGlobalSection
EndGlobal
